
Microsoft Visual Studio Solution File, Format Version 12.00
# Visual Studio 15
VisualStudioVersion = 15.0.28307.329
MinimumVisualStudioVersion = 10.0.40219.1
Project("{9A19103F-16F7-4668-BE54-9A1E7A4F7556}") = "Parcer.Library", "Parcer.Library\Parcer.Library.csproj", "{5C5F7F0E-B2F7-4E99-BFB1-88A4D0F0EAAF}"
EndProject
Project("{FAE04EC0-301F-11D3-BF4B-00C04F79EFBC}") = "Parcer.Program", "Parcer.Program\Parcer.Program.csproj", "{55B4A7D6-6711-47A5-9E6B-4FA6B8C7AB7A}"
EndProject
Global
	GlobalSection(SolutionConfigurationPlatforms) = preSolution
		Debug|Any CPU = Debug|Any CPU
		Release|Any CPU = Release|Any CPU
	EndGlobalSection
	GlobalSection(ProjectConfigurationPlatforms) = postSolution
		{5C5F7F0E-B2F7-4E99-BFB1-88A4D0F0EAAF}.Debug|Any CPU.ActiveCfg = Debug|Any CPU
		{5C5F7F0E-B2F7-4E99-BFB1-88A4D0F0EAAF}.Debug|Any CPU.Build.0 = Debug|Any CPU
		{5C5F7F0E-B2F7-4E99-BFB1-88A4D0F0EAAF}.Release|Any CPU.ActiveCfg = Release|Any CPU
		{5C5F7F0E-B2F7-4E99-BFB1-88A4D0F0EAAF}.Release|Any CPU.Build.0 = Release|Any CPU
		{55B4A7D6-6711-47A5-9E6B-4FA6B8C7AB7A}.Debug|Any CPU.ActiveCfg = Debug|Any CPU
		{55B4A7D6-6711-47A5-9E6B-4FA6B8C7AB7A}.Debug|Any CPU.Build.0 = Debug|Any CPU
		{55B4A7D6-6711-47A5-9E6B-4FA6B8C7AB7A}.Release|Any CPU.ActiveCfg = Release|Any CPU
		{55B4A7D6-6711-47A5-9E6B-4FA6B8C7AB7A}.Release|Any CPU.Build.0 = Release|Any CPU
	EndGlobalSection
	GlobalSection(SolutionProperties) = preSolution
		HideSolutionNode = FALSE
	EndGlobalSection
	GlobalSection(ExtensibilityGlobals) = postSolution
		SolutionGuid = {9DF1142B-6441-4780-AED9-5CC9F71943EE}
	EndGlobalSection
EndGlobal
